
Microsoft Visual Studio Solution File, Format Version 12.00
# Visual Studio Version 16
VisualStudioVersion = 16.0.32002.261
MinimumVisualStudioVersion = 10.0.40219.1
Project("{FAE04EC0-301F-11D3-BF4B-00C04F79EFBC}") = "mp3Editor", "mp3Editor\mp3Editor.csproj", "{FB82F325-78C7-42BB-8BF7-2275E8BF616F}"
EndProject
Global
	GlobalSection(SolutionConfigurationPlatforms) = preSolution
		Debug|Any CPU = Debug|Any CPU
		Release|Any CPU = Release|Any CPU
	EndGlobalSection
	GlobalSection(ProjectConfigurationPlatforms) = postSolution
		{FB82F325-78C7-42BB-8BF7-2275E8BF616F}.Debug|Any CPU.ActiveCfg = Debug|Any CPU
		{FB82F325-78C7-42BB-8BF7-2275E8BF616F}.Debug|Any CPU.Build.0 = Debug|Any CPU
		{FB82F325-78C7-42BB-8BF7-2275E8BF616F}.Release|Any CPU.ActiveCfg = Release|Any CPU
		{FB82F325-78C7-42BB-8BF7-2275E8BF616F}.Release|Any CPU.Build.0 = Release|Any CPU
	EndGlobalSection
	GlobalSection(SolutionProperties) = preSolution
		HideSolutionNode = FALSE
	EndGlobalSection
	GlobalSection(ExtensibilityGlobals) = postSolution
		SolutionGuid = {3726E0C2-ED9C-4259-A6C2-9511CBCA0C5A}
	EndGlobalSection
EndGlobal
